
Microsoft Visual Studio Solution File, Format Version 12.00
# Visual Studio 2012
Project("{FAE04EC0-301F-11D3-BF4B-00C04F79EFBC}") = "NQueryViewer", "NQueryViewer\NQueryViewer.csproj", "{731E166C-3D27-47C6-9D0E-78845270C2B3}"
EndProject
Global
	GlobalSection(SolutionConfigurationPlatforms) = preSolution
		Debug|Any CPU = Debug|Any CPU
		Release|Any CPU = Release|Any CPU
	EndGlobalSection
	GlobalSection(ProjectConfigurationPlatforms) = postSolution
		{731E166C-3D27-47C6-9D0E-78845270C2B3}.Debug|Any CPU.ActiveCfg = Debug|Any CPU
		{731E166C-3D27-47C6-9D0E-78845270C2B3}.Debug|Any CPU.Build.0 = Debug|Any CPU
		{731E166C-3D27-47C6-9D0E-78845270C2B3}.Release|Any CPU.ActiveCfg = Release|Any CPU
		{731E166C-3D27-47C6-9D0E-78845270C2B3}.Release|Any CPU.Build.0 = Release|Any CPU
	EndGlobalSection
	GlobalSection(SolutionProperties) = preSolution
		HideSolutionNode = FALSE
	EndGlobalSection
EndGlobal
