
Microsoft Visual Studio Solution File, Format Version 12.00
# Visual Studio 2012
Project("{FAE04EC0-301F-11D3-BF4B-00C04F79EFBC}") = "NQueryViewer", "NQueryViewer\NQueryViewer.csproj", "{731E166C-3D27-47C6-9D0E-78845270C2B3}"
EndProject
Project("{FAE04EC0-301F-11D3-BF4B-00C04F79EFBC}") = "NQuery", "NQuery\NQuery.csproj", "{BF5539F1-3476-4ED7-89DA-D9446B46EEEB}"
EndProject
Project("{FAE04EC0-301F-11D3-BF4B-00C04F79EFBC}") = "NQuery.Authoring.VSEditorWpf", "NQuery.Authoring.VSEditorWpf\NQuery.Authoring.VSEditorWpf.csproj", "{A3B82430-E8ED-4177-B097-3A82748EDAEF}"
EndProject
Project("{FAE04EC0-301F-11D3-BF4B-00C04F79EFBC}") = "NQuery.UnitTests", "NQuery.UnitTests\NQuery.UnitTests.csproj", "{89DB7FD2-FF8C-411C-BD2B-460712D0D09E}"
EndProject
Project("{FAE04EC0-301F-11D3-BF4B-00C04F79EFBC}") = "NQuery.Authoring", "NQuery.Authoring\NQuery.Authoring.csproj", "{5F76C1EB-9EEE-4046-9664-A4123984EEF3}"
EndProject
Project("{FAE04EC0-301F-11D3-BF4B-00C04F79EFBC}") = "NQuery.Authoring.ActiproWpf", "NQuery.Authoring.ActiproWpf\NQuery.Authoring.ActiproWpf.csproj", "{A3309669-818F-47A9-B0F8-734AF347FEBC}"
EndProject
Project("{FAE04EC0-301F-11D3-BF4B-00C04F79EFBC}") = "NQuery.Data.Samples", "NQuery.Data.Samples\NQuery.Data.Samples.csproj", "{CE411DA9-038B-47E8-8540-A539C146B0EE}"
EndProject
Project("{2150E333-8FDC-42A3-9474-1A3956D46DE8}") = "Core", "Core", "{841E718A-5A7C-4F0A-BC03-FCD085FCE5BA}"
EndProject
Project("{2150E333-8FDC-42A3-9474-1A3956D46DE8}") = "Services Editors", "Services Editors", "{9AD43A01-9766-40E2-8682-1F028B4A09F9}"
EndProject
Project("{2150E333-8FDC-42A3-9474-1A3956D46DE8}") = "Services Common", "Services Common", "{538E2C6E-31A4-4AFE-B0FE-2A65473CBC3E}"
EndProject
Project("{2150E333-8FDC-42A3-9474-1A3956D46DE8}") = "Viewers", "Viewers", "{01914E91-C990-4D8C-9890-B6C69006F596}"
EndProject
Project("{FAE04EC0-301F-11D3-BF4B-00C04F79EFBC}") = "NQuery.Authoring.Wpf", "NQuery.Authoring.Wpf\NQuery.Authoring.Wpf.csproj", "{52F5CD8B-2FF7-4087-B9F7-C1269C48F06F}"
EndProject
Project("{FAE04EC0-301F-11D3-BF4B-00C04F79EFBC}") = "NQuery.Data", "NQuery.Data\NQuery.Data.csproj", "{D93D9870-4E7A-4BEC-AA4E-DACBF8616C29}"
EndProject
Project("{2150E333-8FDC-42A3-9474-1A3956D46DE8}") = ".nuget", ".nuget", "{DA8727CD-B429-44D7-972F-A08A34E2DF1E}"
	ProjectSection(SolutionItems) = preProject
		.nuget\packages.config = .nuget\packages.config
	EndProjectSection
EndProject
Global
	GlobalSection(SolutionConfigurationPlatforms) = preSolution
		Debug|Any CPU = Debug|Any CPU
		Release|Any CPU = Release|Any CPU
	EndGlobalSection
	GlobalSection(ProjectConfigurationPlatforms) = postSolution
		{731E166C-3D27-47C6-9D0E-78845270C2B3}.Debug|Any CPU.ActiveCfg = Debug|Any CPU
		{731E166C-3D27-47C6-9D0E-78845270C2B3}.Debug|Any CPU.Build.0 = Debug|Any CPU
		{731E166C-3D27-47C6-9D0E-78845270C2B3}.Release|Any CPU.ActiveCfg = Release|Any CPU
		{731E166C-3D27-47C6-9D0E-78845270C2B3}.Release|Any CPU.Build.0 = Release|Any CPU
		{A3B82430-E8ED-4177-B097-3A82748EDAEF}.Debug|Any CPU.ActiveCfg = Debug|Any CPU
		{A3B82430-E8ED-4177-B097-3A82748EDAEF}.Debug|Any CPU.Build.0 = Debug|Any CPU
		{A3B82430-E8ED-4177-B097-3A82748EDAEF}.Release|Any CPU.ActiveCfg = Release|Any CPU
		{A3B82430-E8ED-4177-B097-3A82748EDAEF}.Release|Any CPU.Build.0 = Release|Any CPU
		{BF5539F1-3476-4ED7-89DA-D9446B46EEEB}.Debug|Any CPU.ActiveCfg = Debug|Any CPU
		{BF5539F1-3476-4ED7-89DA-D9446B46EEEB}.Debug|Any CPU.Build.0 = Debug|Any CPU
		{BF5539F1-3476-4ED7-89DA-D9446B46EEEB}.Release|Any CPU.ActiveCfg = Release|Any CPU
		{BF5539F1-3476-4ED7-89DA-D9446B46EEEB}.Release|Any CPU.Build.0 = Release|Any CPU
		{89DB7FD2-FF8C-411C-BD2B-460712D0D09E}.Debug|Any CPU.ActiveCfg = Debug|Any CPU
		{89DB7FD2-FF8C-411C-BD2B-460712D0D09E}.Debug|Any CPU.Build.0 = Debug|Any CPU
		{89DB7FD2-FF8C-411C-BD2B-460712D0D09E}.Release|Any CPU.ActiveCfg = Release|Any CPU
		{89DB7FD2-FF8C-411C-BD2B-460712D0D09E}.Release|Any CPU.Build.0 = Release|Any CPU
		{5F76C1EB-9EEE-4046-9664-A4123984EEF3}.Debug|Any CPU.ActiveCfg = Debug|Any CPU
		{5F76C1EB-9EEE-4046-9664-A4123984EEF3}.Debug|Any CPU.Build.0 = Debug|Any CPU
		{5F76C1EB-9EEE-4046-9664-A4123984EEF3}.Release|Any CPU.ActiveCfg = Release|Any CPU
		{5F76C1EB-9EEE-4046-9664-A4123984EEF3}.Release|Any CPU.Build.0 = Release|Any CPU
		{A3309669-818F-47A9-B0F8-734AF347FEBC}.Debug|Any CPU.ActiveCfg = Debug|Any CPU
		{A3309669-818F-47A9-B0F8-734AF347FEBC}.Debug|Any CPU.Build.0 = Debug|Any CPU
		{A3309669-818F-47A9-B0F8-734AF347FEBC}.Release|Any CPU.ActiveCfg = Release|Any CPU
		{A3309669-818F-47A9-B0F8-734AF347FEBC}.Release|Any CPU.Build.0 = Release|Any CPU
		{CE411DA9-038B-47E8-8540-A539C146B0EE}.Debug|Any CPU.ActiveCfg = Debug|Any CPU
		{CE411DA9-038B-47E8-8540-A539C146B0EE}.Debug|Any CPU.Build.0 = Debug|Any CPU
		{CE411DA9-038B-47E8-8540-A539C146B0EE}.Release|Any CPU.ActiveCfg = Release|Any CPU
		{CE411DA9-038B-47E8-8540-A539C146B0EE}.Release|Any CPU.Build.0 = Release|Any CPU
		{52F5CD8B-2FF7-4087-B9F7-C1269C48F06F}.Debug|Any CPU.ActiveCfg = Debug|Any CPU
		{52F5CD8B-2FF7-4087-B9F7-C1269C48F06F}.Debug|Any CPU.Build.0 = Debug|Any CPU
		{52F5CD8B-2FF7-4087-B9F7-C1269C48F06F}.Release|Any CPU.ActiveCfg = Release|Any CPU
		{52F5CD8B-2FF7-4087-B9F7-C1269C48F06F}.Release|Any CPU.Build.0 = Release|Any CPU
		{D93D9870-4E7A-4BEC-AA4E-DACBF8616C29}.Debug|Any CPU.ActiveCfg = Debug|Any CPU
		{D93D9870-4E7A-4BEC-AA4E-DACBF8616C29}.Debug|Any CPU.Build.0 = Debug|Any CPU
		{D93D9870-4E7A-4BEC-AA4E-DACBF8616C29}.Release|Any CPU.ActiveCfg = Release|Any CPU
		{D93D9870-4E7A-4BEC-AA4E-DACBF8616C29}.Release|Any CPU.Build.0 = Release|Any CPU
	EndGlobalSection
	GlobalSection(SolutionProperties) = preSolution
		HideSolutionNode = FALSE
	EndGlobalSection
	GlobalSection(NestedProjects) = preSolution
		{CE411DA9-038B-47E8-8540-A539C146B0EE} = {01914E91-C990-4D8C-9890-B6C69006F596}
		{731E166C-3D27-47C6-9D0E-78845270C2B3} = {01914E91-C990-4D8C-9890-B6C69006F596}
		{89DB7FD2-FF8C-411C-BD2B-460712D0D09E} = {841E718A-5A7C-4F0A-BC03-FCD085FCE5BA}
		{BF5539F1-3476-4ED7-89DA-D9446B46EEEB} = {841E718A-5A7C-4F0A-BC03-FCD085FCE5BA}
		{D93D9870-4E7A-4BEC-AA4E-DACBF8616C29} = {841E718A-5A7C-4F0A-BC03-FCD085FCE5BA}
		{A3309669-818F-47A9-B0F8-734AF347FEBC} = {9AD43A01-9766-40E2-8682-1F028B4A09F9}
		{A3B82430-E8ED-4177-B097-3A82748EDAEF} = {9AD43A01-9766-40E2-8682-1F028B4A09F9}
		{5F76C1EB-9EEE-4046-9664-A4123984EEF3} = {538E2C6E-31A4-4AFE-B0FE-2A65473CBC3E}
		{52F5CD8B-2FF7-4087-B9F7-C1269C48F06F} = {538E2C6E-31A4-4AFE-B0FE-2A65473CBC3E}
	EndGlobalSection
EndGlobal
